<?xml version="1.0" encoding="utf-8"?>
<Project ToolsVersion="4.0" xmlns="http://schemas.microsoft.com/developer/msbuild/2003">
  <ItemGroup>
    <Filter Include="Source Files">
      <UniqueIdentifier>{4FC737F1-C7A5-4376-A066-2A32D752A2FF}</UniqueIdentifier>
      <Extensions>cpp;c;cc;cxx;def;odl;idl;hpj;bat;asm;asmx</Extensions>
    </Filter>
    <Filter Include="Source Files\sys">
      <UniqueIdentifier>{7b59213d-b57b-4783-a225-a9e97f04ddd5}</UniqueIdentifier>
    </Filter>
    <Filter Include="Header Files">
      <UniqueIdentifier>{93995380-89BD-4b04-88EB-625FBE52EBFB}</UniqueIdentifier>
      <Extensions>h;hpp;hxx;hm;inl;inc;xsd</Extensions>
    </Filter>
    <Filter Include="Header Files\sys">
      <UniqueIdentifier>{c6ce7473-b60e-494d-ac26-53794ab1f4aa}</UniqueIdentifier>
    </Filter>
    <Filter Include="Resource Files">
      <UniqueIdentifier>{67DA6AB6-F800-4c08-8B7A-83BB121AAD01}</UniqueIdentifier>
      <Extensions>rc;ico;cur;bmp;dlg;rc2;rct;bin;rgs;gif;jpg;jpeg;jpe;resx;tiff;tif;png;wav</Extensions>
    </Filter>
  </ItemGroup>
  <ItemGroup>
    <ClCompile Include="Windows\dlfcn.c">
      <Filter>Source Files</Filter>
    </ClCompile>
    <ClCompile Include="Windows\getopt.cpp">
      <Filter>Source Files</Filter>
    </ClCompile>
    <ClCompile Include="Windows\pthread.c">
      <Filter>Source Files</Filter>
    </ClCompile>
    <ClCompile Include="Windows\sys\shm.cpp">
      <Filter>Source Files\sys</Filter>
    </ClCompile>
    <ClCompile Include="Windows\sys\time.cpp">
      <Filter>Source Files\sys</Filter>
    </ClCompile>
  </ItemGroup>
  <ItemGroup>
    <ClInclude Include="Windows\binding.h">
      <Filter>Header Files</Filter>
    </ClInclude>
    <ClInclude Include="Windows\dlfcn.h">
      <Filter>Header Files</Filter>
    </ClInclude>
    <ClInclude Include="Windows\getopt.h">
      <Filter>Header Files</Filter>
    </ClInclude>
    <ClInclude Include="Windows\pthread.h">
      <Filter>Header Files</Filter>
    </ClInclude>
    <ClInclude Include="Windows\stdbool.h">
      <Filter>Header Files</Filter>
    </ClInclude>
    <ClInclude Include="Windows\stdint.h">
      <Filter>Header Files</Filter>
    </ClInclude>
    <ClInclude Include="Windows\unistd.h">
      <Filter>Header Files</Filter>
    </ClInclude>
    <ClInclude Include="WISEPlatform.h">
      <Filter>Header Files</Filter>
    </ClInclude>
    <ClInclude Include="Windows\wrapper.h">
      <Filter>Header Files</Filter>
    </ClInclude>
    <ClInclude Include="Windows\sys\ipc.h">
      <Filter>Header Files\sys</Filter>
    </ClInclude>
    <ClInclude Include="Windows\sys\shm.h">
      <Filter>Header Files\sys</Filter>
    </ClInclude>
    <ClInclude Include="Windows\sys\socket.h">
      <Filter>Header Files\sys</Filter>
    </ClInclude>
    <ClInclude Include="Windows\sys\time.h">
      <Filter>Header Files\sys</Filter>
    </ClInclude>
    <ClInclude Include="export.h">
      <Filter>Header Files</Filter>
    </ClInclude>
    <ClInclude Include="version.h">
      <Filter>Header Files</Filter>
    </ClInclude>
  </ItemGroup>
  <ItemGroup>
    <ResourceCompile Include="WISEPlatform.rc">
      <Filter>Resource Files</Filter>
    </ResourceCompile>
  </ItemGroup>
</Project>