<?xml version="1.0" encoding="utf-8"?>
<Project ToolsVersion="4.0" xmlns="http://schemas.microsoft.com/developer/msbuild/2003">
  <ItemGroup>
    <ClInclude Include="basequeue.h">
      <Filter>Header Files</Filter>
    </ClInclude>
    <ClInclude Include="export.h">
      <Filter>Header Files</Filter>
    </ClInclude>
    <ClInclude Include="IPCCommData.h">
      <Filter>Header Files</Filter>
    </ClInclude>
    <ClInclude Include="NamedPipeClient.h">
      <Filter>Header Files</Filter>
    </ClInclude>
    <ClInclude Include="NamedPipeServer.h">
      <Filter>Header Files</Filter>
    </ClInclude>
    <ClInclude Include="network.h">
      <Filter>Header Files</Filter>
    </ClInclude>
    <ClInclude Include="service.h">
      <Filter>Header Files</Filter>
    </ClInclude>
    <ClInclude Include="util_libloader.h">
      <Filter>Header Files</Filter>
    </ClInclude>
    <ClInclude Include="util_os.h">
      <Filter>Header Files</Filter>
    </ClInclude>
    <ClInclude Include="util_path.h">
      <Filter>Header Files</Filter>
    </ClInclude>
    <ClInclude Include="util_pipe.h">
      <Filter>Header Files</Filter>
    </ClInclude>
    <ClInclude Include="util_power.h">
      <Filter>Header Files</Filter>
    </ClInclude>
    <ClInclude Include="util_process.h">
      <Filter>Header Files</Filter>
    </ClInclude>
    <ClInclude Include="util_string.h">
      <Filter>Header Files</Filter>
    </ClInclude>
    <ClInclude Include="version.h">
      <Filter>Header Files</Filter>
    </ClInclude>
  </ItemGroup>
  <ItemGroup>
    <Filter Include="Header Files">
      <UniqueIdentifier>{9e7d4283-9df0-4a09-9ee0-12ac0c3e3d19}</UniqueIdentifier>
    </Filter>
    <Filter Include="Source Files">
      <UniqueIdentifier>{35126579-b07a-42a5-a80a-4d997fb87db3}</UniqueIdentifier>
    </Filter>
    <Filter Include="Resource Files">
      <UniqueIdentifier>{2efba1fe-c7f4-4270-baa0-67be05dc1480}</UniqueIdentifier>
      <Extensions>rc;ico;cur;bmp;dlg;rc2;rct;bin;rgs;gif;jpg;jpeg;jpe;resx;tiff;tif;png;wav</Extensions>
    </Filter>
  </ItemGroup>
  <ItemGroup>
    <ClCompile Include="basequeue.c">
      <Filter>Source Files</Filter>
    </ClCompile>
    <ClCompile Include="Windows\NamedPipeClient.c">
      <Filter>Source Files</Filter>
    </ClCompile>
    <ClCompile Include="Windows\NamedPipeServer.c">
      <Filter>Source Files</Filter>
    </ClCompile>
    <ClCompile Include="Windows\network.c">
      <Filter>Source Files</Filter>
    </ClCompile>
    <ClCompile Include="Windows\service.c">
      <Filter>Source Files</Filter>
    </ClCompile>
    <ClCompile Include="Windows\util_libloader.c">
      <Filter>Source Files</Filter>
    </ClCompile>
    <ClCompile Include="Windows\util_os.c">
      <Filter>Source Files</Filter>
    </ClCompile>
    <ClCompile Include="Windows\util_path.c">
      <Filter>Source Files</Filter>
    </ClCompile>
    <ClCompile Include="Windows\util_pipe.c">
      <Filter>Source Files</Filter>
    </ClCompile>
    <ClCompile Include="Windows\util_power.c">
      <Filter>Source Files</Filter>
    </ClCompile>
    <ClCompile Include="Windows\util_process.c">
      <Filter>Source Files</Filter>
    </ClCompile>
    <ClCompile Include="Windows\util_string.c">
      <Filter>Source Files</Filter>
    </ClCompile>
  </ItemGroup>
  <ItemGroup>
    <ResourceCompile Include="WISEUtil.rc">
      <Filter>Resource Files</Filter>
    </ResourceCompile>
  </ItemGroup>
</Project>